// !$*UTF8*$!
{
	archiveVersion = 1;
	classes = {
	};
	objectVersion = 46;
	objects = {

/* Begin PBXBuildFile section */
		45BAF250296FC722FF384698 /* TouchIDContextWrapper.swift in Sources */ = {isa = PBXBuildFile; fileRef = 45BAFF8A0E529A1FF60A29AF /* TouchIDContextWrapper.swift */; };
		45BAF654C82649FCB6703DA4 /* SecItemWrapperProtocol.swift in Sources */ = {isa = PBXBuildFile; fileRef = 45BAF9B9718D7E7883AF9D47 /* SecItemWrapperProtocol.swift */; };
		45BAF69C8D603B35F0865BE9 /* TouchIDProtocol.swift in Sources */ = {isa = PBXBuildFile; fileRef = 45BAF0B3E4CEEB77566D39C3 /* TouchIDProtocol.swift */; };
		45BAF7B356EF00AE5586649A /* SecItemWrapper.swift in Sources */ = {isa = PBXBuildFile; fileRef = 45BAF7A89C5445B8E3986201 /* SecItemWrapper.swift */; };
		45BAF8398C18074D5A87E5DE /* KeychainAccessManager.swift in Sources */ = {isa = PBXBuildFile; fileRef = 45BAF1023934EA3C77BB3573 /* KeychainAccessManager.swift */; };
		45BAF9639B0991D99B2F75B8 /* SecItemWrapperFake.swift in Sources */ = {isa = PBXBuildFile; fileRef = 45BAF1A4C2D33C4B3360A2B6 /* SecItemWrapperFake.swift */; };
		45BAFAD9115920000753FDC2 /* TouchIDContextProtocol.swift in Sources */ = {isa = PBXBuildFile; fileRef = 45BAF672C41AF855DB21EDB2 /* TouchIDContextProtocol.swift */; };
		45BAFBB28BB4850D7FE178B4 /* TouchIDManagerTest.swift in Sources */ = {isa = PBXBuildFile; fileRef = 45BAF73715E4A3562956D768 /* TouchIDManagerTest.swift */; };
		45BAFD023E58DA47430E4508 /* TouchIDManagerFake.swift in Sources */ = {isa = PBXBuildFile; fileRef = 45BAFC26F754BF9CD6D3F843 /* TouchIDManagerFake.swift */; };
		45BAFD88690E3AA1D44A065D /* TouchIDContextWrapperFake.swift in Sources */ = {isa = PBXBuildFile; fileRef = 45BAF86FAE281BDFCFB1427F /* TouchIDContextWrapperFake.swift */; };
		45BAFDA0E850792767B2316C /* KeychainAccessManagerTest.swift in Sources */ = {isa = PBXBuildFile; fileRef = 45BAFF9E6EB5519A55D43B91 /* KeychainAccessManagerTest.swift */; };
		45BAFE5EB935624511EA1BC6 /* KeychainAccessProtocol.swift in Sources */ = {isa = PBXBuildFile; fileRef = 45BAF2C6C32799E2EF8DC70F /* KeychainAccessProtocol.swift */; };
		45BAFED1449E1902C819940B /* TouchIDManager.swift in Sources */ = {isa = PBXBuildFile; fileRef = 45BAF884486C869C134353B2 /* TouchIDManager.swift */; };
		4885C3521F58337D00E622E2 /* AppDelegate.swift in Sources */ = {isa = PBXBuildFile; fileRef = 4885C3511F58337D00E622E2 /* AppDelegate.swift */; };
		4885C3541F58337D00E622E2 /* ViewController.swift in Sources */ = {isa = PBXBuildFile; fileRef = 4885C3531F58337D00E622E2 /* ViewController.swift */; };
		4885C3571F58337D00E622E2 /* Main.storyboard in Resources */ = {isa = PBXBuildFile; fileRef = 4885C3551F58337D00E622E2 /* Main.storyboard */; };
		4885C3591F58337D00E622E2 /* Assets.xcassets in Resources */ = {isa = PBXBuildFile; fileRef = 4885C3581F58337D00E622E2 /* Assets.xcassets */; };
		4885C35C1F58337D00E622E2 /* LaunchScreen.storyboard in Resources */ = {isa = PBXBuildFile; fileRef = 4885C35A1F58337D00E622E2 /* LaunchScreen.storyboard */; };
		4885C3671F58337D00E622E2 /* TouchIDCredentialsTests.swift in Sources */ = {isa = PBXBuildFile; fileRef = 4885C3661F58337D00E622E2 /* TouchIDCredentialsTests.swift */; };
/* End PBXBuildFile section */

/* Begin PBXContainerItemProxy section */
		4885C3631F58337D00E622E2 /* PBXContainerItemProxy */ = {
			isa = PBXContainerItemProxy;
			containerPortal = 4885C3461F58337D00E622E2 /* Project object */;
			proxyType = 1;
			remoteGlobalIDString = 4885C34D1F58337D00E622E2;
			remoteInfo = TouchIDCredentials;
		};
/* End PBXContainerItemProxy section */

/* Begin PBXFileReference section */
		45BAF0B3E4CEEB77566D39C3 /* TouchIDProtocol.swift */ = {isa = PBXFileReference; fileEncoding = 4; lastKnownFileType = sourcecode.swift; path = TouchIDProtocol.swift; sourceTree = "<group>"; };
		45BAF1023934EA3C77BB3573 /* KeychainAccessManager.swift */ = {isa = PBXFileReference; fileEncoding = 4; lastKnownFileType = sourcecode.swift; path = KeychainAccessManager.swift; sourceTree = "<group>"; };
		45BAF1A4C2D33C4B3360A2B6 /* SecItemWrapperFake.swift */ = {isa = PBXFileReference; fileEncoding = 4; lastKnownFileType = sourcecode.swift; path = SecItemWrapperFake.swift; sourceTree = "<group>"; };
		45BAF2C6C32799E2EF8DC70F /* KeychainAccessProtocol.swift */ = {isa = PBXFileReference; fileEncoding = 4; lastKnownFileType = sourcecode.swift; path = KeychainAccessProtocol.swift; sourceTree = "<group>"; };
		45BAF672C41AF855DB21EDB2 /* TouchIDContextProtocol.swift */ = {isa = PBXFileReference; fileEncoding = 4; lastKnownFileType = sourcecode.swift; path = TouchIDContextProtocol.swift; sourceTree = "<group>"; };
		45BAF73715E4A3562956D768 /* TouchIDManagerTest.swift */ = {isa = PBXFileReference; fileEncoding = 4; lastKnownFileType = sourcecode.swift; path = TouchIDManagerTest.swift; sourceTree = "<group>"; };
		45BAF7A89C5445B8E3986201 /* SecItemWrapper.swift */ = {isa = PBXFileReference; fileEncoding = 4; lastKnownFileType = sourcecode.swift; path = SecItemWrapper.swift; sourceTree = "<group>"; };
		45BAF86FAE281BDFCFB1427F /* TouchIDContextWrapperFake.swift */ = {isa = PBXFileReference; fileEncoding = 4; lastKnownFileType = sourcecode.swift; path = TouchIDContextWrapperFake.swift; sourceTree = "<group>"; };
		45BAF884486C869C134353B2 /* TouchIDManager.swift */ = {isa = PBXFileReference; fileEncoding = 4; lastKnownFileType = sourcecode.swift; path = TouchIDManager.swift; sourceTree = "<group>"; };
		45BAF9B9718D7E7883AF9D47 /* SecItemWrapperProtocol.swift */ = {isa = PBXFileReference; fileEncoding = 4; lastKnownFileType = sourcecode.swift; path = SecItemWrapperProtocol.swift; sourceTree = "<group>"; };
		45BAFC26F754BF9CD6D3F843 /* TouchIDManagerFake.swift */ = {isa = PBXFileReference; fileEncoding = 4; lastKnownFileType = sourcecode.swift; path = TouchIDManagerFake.swift; sourceTree = "<group>"; };
		45BAFF8A0E529A1FF60A29AF /* TouchIDContextWrapper.swift */ = {isa = PBXFileReference; fileEncoding = 4; lastKnownFileType = sourcecode.swift; path = TouchIDContextWrapper.swift; sourceTree = "<group>"; };
		45BAFF9E6EB5519A55D43B91 /* KeychainAccessManagerTest.swift */ = {isa = PBXFileReference; fileEncoding = 4; lastKnownFileType = sourcecode.swift; path = KeychainAccessManagerTest.swift; sourceTree = "<group>"; };
		4885C34E1F58337D00E622E2 /* TouchIDCredentials.app */ = {isa = PBXFileReference; explicitFileType = wrapper.application; includeInIndex = 0; path = TouchIDCredentials.app; sourceTree = BUILT_PRODUCTS_DIR; };
		4885C3511F58337D00E622E2 /* AppDelegate.swift */ = {isa = PBXFileReference; lastKnownFileType = sourcecode.swift; path = AppDelegate.swift; sourceTree = "<group>"; };
		4885C3531F58337D00E622E2 /* ViewController.swift */ = {isa = PBXFileReference; lastKnownFileType = sourcecode.swift; path = ViewController.swift; sourceTree = "<group>"; };
		4885C3561F58337D00E622E2 /* Base */ = {isa = PBXFileReference; lastKnownFileType = file.storyboard; name = Base; path = Base.lproj/Main.storyboard; sourceTree = "<group>"; };
		4885C3581F58337D00E622E2 /* Assets.xcassets */ = {isa = PBXFileReference; lastKnownFileType = folder.assetcatalog; path = Assets.xcassets; sourceTree = "<group>"; };
		4885C35B1F58337D00E622E2 /* Base */ = {isa = PBXFileReference; lastKnownFileType = file.storyboard; name = Base; path = Base.lproj/LaunchScreen.storyboard; sourceTree = "<group>"; };
		4885C35D1F58337D00E622E2 /* Info.plist */ = {isa = PBXFileReference; lastKnownFileType = text.plist.xml; path = Info.plist; sourceTree = "<group>"; };
		4885C3621F58337D00E622E2 /* TouchIDCredentialsTests.xctest */ = {isa = PBXFileReference; explicitFileType = wrapper.cfbundle; includeInIndex = 0; path = TouchIDCredentialsTests.xctest; sourceTree = BUILT_PRODUCTS_DIR; };
		4885C3661F58337D00E622E2 /* TouchIDCredentialsTests.swift */ = {isa = PBXFileReference; lastKnownFileType = sourcecode.swift; path = TouchIDCredentialsTests.swift; sourceTree = "<group>"; };
		4885C3681F58337D00E622E2 /* Info.plist */ = {isa = PBXFileReference; lastKnownFileType = text.plist.xml; path = Info.plist; sourceTree = "<group>"; };
/* End PBXFileReference section */

/* Begin PBXFrameworksBuildPhase section */
		4885C34B1F58337D00E622E2 /* Frameworks */ = {
			isa = PBXFrameworksBuildPhase;
			buildActionMask = 2147483647;
			files = (
			);
			runOnlyForDeploymentPostprocessing = 0;
		};
		4885C35F1F58337D00E622E2 /* Frameworks */ = {
			isa = PBXFrameworksBuildPhase;
			buildActionMask = 2147483647;
			files = (
			);
			runOnlyForDeploymentPostprocessing = 0;
		};
/* End PBXFrameworksBuildPhase section */

/* Begin PBXGroup section */
		45BAF0651D897FBBF21841F2 /* keychain */ = {
			isa = PBXGroup;
			children = (
				45BAFF9E6EB5519A55D43B91 /* KeychainAccessManagerTest.swift */,
				45BAF1A4C2D33C4B3360A2B6 /* SecItemWrapperFake.swift */,
			);
			path = keychain;
			sourceTree = "<group>";
		};
		45BAF128FDA582BCC05E36D6 /* touchID */ = {
			isa = PBXGroup;
			children = (
				45BAF73715E4A3562956D768 /* TouchIDManagerTest.swift */,
				45BAFC26F754BF9CD6D3F843 /* TouchIDManagerFake.swift */,
				45BAF86FAE281BDFCFB1427F /* TouchIDContextWrapperFake.swift */,
			);
			path = touchID;
			sourceTree = "<group>";
		};
		45BAF38F19565B9AB3887E2E /* models */ = {
			isa = PBXGroup;
			children = (
				45BAFCF803319E1AA93D9C61 /* touchID */,
				45BAF3F07B60BD4581CA7717 /* keychain */,
			);
			path = models;
			sourceTree = "<group>";
		};
		45BAF3F07B60BD4581CA7717 /* keychain */ = {
			isa = PBXGroup;
			children = (
				45BAF1023934EA3C77BB3573 /* KeychainAccessManager.swift */,
				45BAF2C6C32799E2EF8DC70F /* KeychainAccessProtocol.swift */,
				45BAF9B9718D7E7883AF9D47 /* SecItemWrapperProtocol.swift */,
				45BAF7A89C5445B8E3986201 /* SecItemWrapper.swift */,
			);
			path = keychain;
			sourceTree = "<group>";
		};
		45BAF6C995018168E5C4CDC3 /* models */ = {
			isa = PBXGroup;
			children = (
				45BAF128FDA582BCC05E36D6 /* touchID */,
				45BAF0651D897FBBF21841F2 /* keychain */,
			);
			path = models;
			sourceTree = "<group>";
		};
		45BAFCF803319E1AA93D9C61 /* touchID */ = {
			isa = PBXGroup;
			children = (
				45BAF884486C869C134353B2 /* TouchIDManager.swift */,
				45BAF0B3E4CEEB77566D39C3 /* TouchIDProtocol.swift */,
				45BAF672C41AF855DB21EDB2 /* TouchIDContextProtocol.swift */,
				45BAFF8A0E529A1FF60A29AF /* TouchIDContextWrapper.swift */,
			);
			path = touchID;
			sourceTree = "<group>";
		};
		4885C3451F58337D00E622E2 = {
			isa = PBXGroup;
			children = (
				4885C3501F58337D00E622E2 /* TouchIDCredentials */,
				4885C3651F58337D00E622E2 /* TouchIDCredentialsTests */,
				4885C34F1F58337D00E622E2 /* Products */,
			);
			sourceTree = "<group>";
		};
		4885C34F1F58337D00E622E2 /* Products */ = {
			isa = PBXGroup;
			children = (
				4885C34E1F58337D00E622E2 /* TouchIDCredentials.app */,
				4885C3621F58337D00E622E2 /* TouchIDCredentialsTests.xctest */,
			);
			name = Products;
			sourceTree = "<group>";
		};
		4885C3501F58337D00E622E2 /* TouchIDCredentials */ = {
			isa = PBXGroup;
			children = (
				4885C3511F58337D00E622E2 /* AppDelegate.swift */,
				4885C3531F58337D00E622E2 /* ViewController.swift */,
				4885C3551F58337D00E622E2 /* Main.storyboard */,
				4885C3581F58337D00E622E2 /* Assets.xcassets */,
				4885C35A1F58337D00E622E2 /* LaunchScreen.storyboard */,
				4885C35D1F58337D00E622E2 /* Info.plist */,
				45BAF38F19565B9AB3887E2E /* models */,
			);
			path = TouchIDCredentials;
			sourceTree = "<group>";
		};
		4885C3651F58337D00E622E2 /* TouchIDCredentialsTests */ = {
			isa = PBXGroup;
			children = (
				4885C3661F58337D00E622E2 /* TouchIDCredentialsTests.swift */,
				4885C3681F58337D00E622E2 /* Info.plist */,
				45BAF6C995018168E5C4CDC3 /* models */,
			);
			path = TouchIDCredentialsTests;
			sourceTree = "<group>";
		};
/* End PBXGroup section */

/* Begin PBXNativeTarget section */
		4885C34D1F58337D00E622E2 /* TouchIDCredentials */ = {
			isa = PBXNativeTarget;
			buildConfigurationList = 4885C36B1F58337D00E622E2 /* Build configuration list for PBXNativeTarget "TouchIDCredentials" */;
			buildPhases = (
				4885C34A1F58337D00E622E2 /* Sources */,
				4885C34B1F58337D00E622E2 /* Frameworks */,
				4885C34C1F58337D00E622E2 /* Resources */,
			);
			buildRules = (
			);
			dependencies = (
			);
			name = TouchIDCredentials;
			productName = TouchIDCredentials;
			productReference = 4885C34E1F58337D00E622E2 /* TouchIDCredentials.app */;
			productType = "com.apple.product-type.application";
		};
		4885C3611F58337D00E622E2 /* TouchIDCredentialsTests */ = {
			isa = PBXNativeTarget;
			buildConfigurationList = 4885C36E1F58337D00E622E2 /* Build configuration list for PBXNativeTarget "TouchIDCredentialsTests" */;
			buildPhases = (
				4885C35E1F58337D00E622E2 /* Sources */,
				4885C35F1F58337D00E622E2 /* Frameworks */,
				4885C3601F58337D00E622E2 /* Resources */,
			);
			buildRules = (
			);
			dependencies = (
				4885C3641F58337D00E622E2 /* PBXTargetDependency */,
			);
			name = TouchIDCredentialsTests;
			productName = TouchIDCredentialsTests;
			productReference = 4885C3621F58337D00E622E2 /* TouchIDCredentialsTests.xctest */;
			productType = "com.apple.product-type.bundle.unit-test";
		};
/* End PBXNativeTarget section */

/* Begin PBXProject section */
		4885C3461F58337D00E622E2 /* Project object */ = {
			isa = PBXProject;
			attributes = {
				LastSwiftUpdateCheck = 0830;
				LastUpgradeCheck = 0830;
				ORGANIZATIONNAME = "MIGUEL MOLDES";
				TargetAttributes = {
					4885C34D1F58337D00E622E2 = {
						CreatedOnToolsVersion = 8.3.3;
						DevelopmentTeam = PS7VX6L58X;
						ProvisioningStyle = Manual;
					};
					4885C3611F58337D00E622E2 = {
						CreatedOnToolsVersion = 8.3.3;
						ProvisioningStyle = Automatic;
						TestTargetID = 4885C34D1F58337D00E622E2;
					};
				};
			};
			buildConfigurationList = 4885C3491F58337D00E622E2 /* Build configuration list for PBXProject "TouchIDCredentials" */;
			compatibilityVersion = "Xcode 3.2";
			developmentRegion = English;
			hasScannedForEncodings = 0;
			knownRegions = (
				en,
				Base,
			);
			mainGroup = 4885C3451F58337D00E622E2;
			productRefGroup = 4885C34F1F58337D00E622E2 /* Products */;
			projectDirPath = "";
			projectRoot = "";
			targets = (
				4885C34D1F58337D00E622E2 /* TouchIDCredentials */,
				4885C3611F58337D00E622E2 /* TouchIDCredentialsTests */,
			);
		};
/* End PBXProject section */

/* Begin PBXResourcesBuildPhase section */
		4885C34C1F58337D00E622E2 /* Resources */ = {
			isa = PBXResourcesBuildPhase;
			buildActionMask = 2147483647;
			files = (
				4885C35C1F58337D00E622E2 /* LaunchScreen.storyboard in Resources */,
				4885C3591F58337D00E622E2 /* Assets.xcassets in Resources */,
				4885C3571F58337D00E622E2 /* Main.storyboard in Resources */,
			);
			runOnlyForDeploymentPostprocessing = 0;
		};
		4885C3601F58337D00E622E2 /* Resources */ = {
			isa = PBXResourcesBuildPhase;
			buildActionMask = 2147483647;
			files = (
			);
			runOnlyForDeploymentPostprocessing = 0;
		};
/* End PBXResourcesBuildPhase section */

/* Begin PBXSourcesBuildPhase section */
		4885C34A1F58337D00E622E2 /* Sources */ = {
			isa = PBXSourcesBuildPhase;
			buildActionMask = 2147483647;
			files = (
				4885C3541F58337D00E622E2 /* ViewController.swift in Sources */,
				4885C3521F58337D00E622E2 /* AppDelegate.swift in Sources */,
				45BAFED1449E1902C819940B /* TouchIDManager.swift in Sources */,
				45BAF69C8D603B35F0865BE9 /* TouchIDProtocol.swift in Sources */,
				45BAFAD9115920000753FDC2 /* TouchIDContextProtocol.swift in Sources */,
				45BAF250296FC722FF384698 /* TouchIDContextWrapper.swift in Sources */,
				45BAF8398C18074D5A87E5DE /* KeychainAccessManager.swift in Sources */,
				45BAFE5EB935624511EA1BC6 /* KeychainAccessProtocol.swift in Sources */,
				45BAF654C82649FCB6703DA4 /* SecItemWrapperProtocol.swift in Sources */,
				45BAF7B356EF00AE5586649A /* SecItemWrapper.swift in Sources */,
			);
			runOnlyForDeploymentPostprocessing = 0;
		};
		4885C35E1F58337D00E622E2 /* Sources */ = {
			isa = PBXSourcesBuildPhase;
			buildActionMask = 2147483647;
			files = (
				4885C3671F58337D00E622E2 /* TouchIDCredentialsTests.swift in Sources */,
				45BAFBB28BB4850D7FE178B4 /* TouchIDManagerTest.swift in Sources */,
				45BAFD023E58DA47430E4508 /* TouchIDManagerFake.swift in Sources */,
				45BAFD88690E3AA1D44A065D /* TouchIDContextWrapperFake.swift in Sources */,
				45BAFDA0E850792767B2316C /* KeychainAccessManagerTest.swift in Sources */,
				45BAF9639B0991D99B2F75B8 /* SecItemWrapperFake.swift in Sources */,
			);
			runOnlyForDeploymentPostprocessing = 0;
		};
/* End PBXSourcesBuildPhase section */

/* Begin PBXTargetDependency section */
		4885C3641F58337D00E622E2 /* PBXTargetDependency */ = {
			isa = PBXTargetDependency;
			target = 4885C34D1F58337D00E622E2 /* TouchIDCredentials */;
			targetProxy = 4885C3631F58337D00E622E2 /* PBXContainerItemProxy */;
		};
/* End PBXTargetDependency section */

/* Begin PBXVariantGroup section */
		4885C3551F58337D00E622E2 /* Main.storyboard */ = {
			isa = PBXVariantGroup;
			children = (
				4885C3561F58337D00E622E2 /* Base */,
			);
			name = Main.storyboard;
			sourceTree = "<group>";
		};
		4885C35A1F58337D00E622E2 /* LaunchScreen.storyboard */ = {
			isa = PBXVariantGroup;
			children = (
				4885C35B1F58337D00E622E2 /* Base */,
			);
			name = LaunchScreen.storyboard;
			sourceTree = "<group>";
		};
/* End PBXVariantGroup section */

/* Begin XCBuildConfiguration section */
		4885C3691F58337D00E622E2 /* Debug */ = {
			isa = XCBuildConfiguration;
			buildSettings = {
				ALWAYS_SEARCH_USER_PATHS = NO;
				CLANG_ANALYZER_NONNULL = YES;
				CLANG_ANALYZER_NUMBER_OBJECT_CONVERSION = YES_AGGRESSIVE;
				CLANG_CXX_LANGUAGE_STANDARD = "gnu++0x";
				CLANG_CXX_LIBRARY = "libc++";
				CLANG_ENABLE_MODULES = YES;
				CLANG_ENABLE_OBJC_ARC = YES;
				CLANG_WARN_BOOL_CONVERSION = YES;
				CLANG_WARN_CONSTANT_CONVERSION = YES;
				CLANG_WARN_DIRECT_OBJC_ISA_USAGE = YES_ERROR;
				CLANG_WARN_DOCUMENTATION_COMMENTS = YES;
				CLANG_WARN_EMPTY_BODY = YES;
				CLANG_WARN_ENUM_CONVERSION = YES;
				CLANG_WARN_INFINITE_RECURSION = YES;
				CLANG_WARN_INT_CONVERSION = YES;
				CLANG_WARN_OBJC_ROOT_CLASS = YES_ERROR;
				CLANG_WARN_SUSPICIOUS_MOVE = YES;
				CLANG_WARN_UNREACHABLE_CODE = YES;
				CLANG_WARN__DUPLICATE_METHOD_MATCH = YES;
				"CODE_SIGN_IDENTITY[sdk=iphoneos*]" = "iPhone Developer";
				COPY_PHASE_STRIP = NO;
				DEBUG_INFORMATION_FORMAT = dwarf;
				ENABLE_STRICT_OBJC_MSGSEND = YES;
				ENABLE_TESTABILITY = YES;
				GCC_C_LANGUAGE_STANDARD = gnu99;
				GCC_DYNAMIC_NO_PIC = NO;
				GCC_NO_COMMON_BLOCKS = YES;
				GCC_OPTIMIZATION_LEVEL = 0;
				GCC_PREPROCESSOR_DEFINITIONS = (
					"DEBUG=1",
					"$(inherited)",
				);
				GCC_WARN_64_TO_32_BIT_CONVERSION = YES;
				GCC_WARN_ABOUT_RETURN_TYPE = YES_ERROR;
				GCC_WARN_UNDECLARED_SELECTOR = YES;
				GCC_WARN_UNINITIALIZED_AUTOS = YES_AGGRESSIVE;
				GCC_WARN_UNUSED_FUNCTION = YES;
				GCC_WARN_UNUSED_VARIABLE = YES;
				IPHONEOS_DEPLOYMENT_TARGET = 10.3;
				MTL_ENABLE_DEBUG_INFO = YES;
				ONLY_ACTIVE_ARCH = YES;
				SDKROOT = iphoneos;
				SWIFT_ACTIVE_COMPILATION_CONDITIONS = DEBUG;
				SWIFT_OPTIMIZATION_LEVEL = "-Onone";
				TARGETED_DEVICE_FAMILY = "1,2";
			};
			name = Debug;
		};
		4885C36A1F58337D00E622E2 /* Release */ = {
			isa = XCBuildConfiguration;
			buildSettings = {
				ALWAYS_SEARCH_USER_PATHS = NO;
				CLANG_ANALYZER_NONNULL = YES;
				CLANG_ANALYZER_NUMBER_OBJECT_CONVERSION = YES_AGGRESSIVE;
				CLANG_CXX_LANGUAGE_STANDARD = "gnu++0x";
				CLANG_CXX_LIBRARY = "libc++";
				CLANG_ENABLE_MODULES = YES;
				CLANG_ENABLE_OBJC_ARC = YES;
				CLANG_WARN_BOOL_CONVERSION = YES;
				CLANG_WARN_CONSTANT_CONVERSION = YES;
				CLANG_WARN_DIRECT_OBJC_ISA_USAGE = YES_ERROR;
				CLANG_WARN_DOCUMENTATION_COMMENTS = YES;
				CLANG_WARN_EMPTY_BODY = YES;
				CLANG_WARN_ENUM_CONVERSION = YES;
				CLANG_WARN_INFINITE_RECURSION = YES;
				CLANG_WARN_INT_CONVERSION = YES;
				CLANG_WARN_OBJC_ROOT_CLASS = YES_ERROR;
				CLANG_WARN_SUSPICIOUS_MOVE = YES;
				CLANG_WARN_UNREACHABLE_CODE = YES;
				CLANG_WARN__DUPLICATE_METHOD_MATCH = YES;
				"CODE_SIGN_IDENTITY[sdk=iphoneos*]" = "iPhone Developer";
				COPY_PHASE_STRIP = NO;
				DEBUG_INFORMATION_FORMAT = "dwarf-with-dsym";
				ENABLE_NS_ASSERTIONS = NO;
				ENABLE_STRICT_OBJC_MSGSEND = YES;
				GCC_C_LANGUAGE_STANDARD = gnu99;
				GCC_NO_COMMON_BLOCKS = YES;
				GCC_WARN_64_TO_32_BIT_CONVERSION = YES;
				GCC_WARN_ABOUT_RETURN_TYPE = YES_ERROR;
				GCC_WARN_UNDECLARED_SELECTOR = YES;
				GCC_WARN_UNINITIALIZED_AUTOS = YES_AGGRESSIVE;
				GCC_WARN_UNUSED_FUNCTION = YES;
				GCC_WARN_UNUSED_VARIABLE = YES;
				IPHONEOS_DEPLOYMENT_TARGET = 10.3;
				MTL_ENABLE_DEBUG_INFO = NO;
				SDKROOT = iphoneos;
				SWIFT_OPTIMIZATION_LEVEL = "-Owholemodule";
				TARGETED_DEVICE_FAMILY = "1,2";
				VALIDATE_PRODUCT = YES;
			};
			name = Release;
		};
		4885C36C1F58337D00E622E2 /* Debug */ = {
			isa = XCBuildConfiguration;
			buildSettings = {
				ASSETCATALOG_COMPILER_APPICON_NAME = AppIcon;
				DEVELOPMENT_TEAM = PS7VX6L58X;
				INFOPLIST_FILE = TouchIDCredentials/Info.plist;
				IPHONEOS_DEPLOYMENT_TARGET = 10.0;
				LD_RUNPATH_SEARCH_PATHS = "$(inherited) @executable_path/Frameworks";
				PRODUCT_BUNDLE_IDENTIFIER = "com.ltcfastpay.timecard-app";
				PRODUCT_NAME = "$(TARGET_NAME)";
				PROVISIONING_PROFILE = "74f3e30c-0ea5-4097-a916-00738b954876";
				PROVISIONING_PROFILE_SPECIFIER = "timecard-development";
				SWIFT_VERSION = 3.0;
				TARGETED_DEVICE_FAMILY = 1;
			};
			name = Debug;
		};
		4885C36D1F58337D00E622E2 /* Release */ = {
			isa = XCBuildConfiguration;
			buildSettings = {
				ASSETCATALOG_COMPILER_APPICON_NAME = AppIcon;
				DEVELOPMENT_TEAM = "";
				INFOPLIST_FILE = TouchIDCredentials/Info.plist;
				IPHONEOS_DEPLOYMENT_TARGET = 10.0;
				LD_RUNPATH_SEARCH_PATHS = "$(inherited) @executable_path/Frameworks";
				PRODUCT_BUNDLE_IDENTIFIER = "com.ltcfastpay.timecard-app";
				PRODUCT_NAME = "$(TARGET_NAME)";
				PROVISIONING_PROFILE_SPECIFIER = "";
				SWIFT_VERSION = 3.0;
				TARGETED_DEVICE_FAMILY = 1;
			};
			name = Release;
		};
		4885C36F1F58337D00E622E2 /* Debug */ = {
			isa = XCBuildConfiguration;
			buildSettings = {
				ALWAYS_EMBED_SWIFT_STANDARD_LIBRARIES = YES;
				BUNDLE_LOADER = "$(TEST_HOST)";
				INFOPLIST_FILE = TouchIDCredentialsTests/Info.plist;
				LD_RUNPATH_SEARCH_PATHS = "$(inherited) @executable_path/Frameworks @loader_path/Frameworks";
				PRODUCT_BUNDLE_IDENTIFIER = com.miguelmoldes.TouchIDCredentialsTests;
				PRODUCT_NAME = "$(TARGET_NAME)";
				SWIFT_VERSION = 3.0;
				TEST_HOST = "$(BUILT_PRODUCTS_DIR)/TouchIDCredentials.app/TouchIDCredentials";
			};
			name = Debug;
		};
		4885C3701F58337D00E622E2 /* Release */ = {
			isa = XCBuildConfiguration;
			buildSettings = {
				ALWAYS_EMBED_SWIFT_STANDARD_LIBRARIES = YES;
				BUNDLE_LOADER = "$(TEST_HOST)";
				INFOPLIST_FILE = TouchIDCredentialsTests/Info.plist;
				LD_RUNPATH_SEARCH_PATHS = "$(inherited) @executable_path/Frameworks @loader_path/Frameworks";
				PRODUCT_BUNDLE_IDENTIFIER = com.miguelmoldes.TouchIDCredentialsTests;
				PRODUCT_NAME = "$(TARGET_NAME)";
				SWIFT_VERSION = 3.0;
				TEST_HOST = "$(BUILT_PRODUCTS_DIR)/TouchIDCredentials.app/TouchIDCredentials";
			};
			name = Release;
		};
/* End XCBuildConfiguration section */

/* Begin XCConfigurationList section */
		4885C3491F58337D00E622E2 /* Build configuration list for PBXProject "TouchIDCredentials" */ = {
			isa = XCConfigurationList;
			buildConfigurations = (
				4885C3691F58337D00E622E2 /* Debug */,
				4885C36A1F58337D00E622E2 /* Release */,
			);
			defaultConfigurationIsVisible = 0;
			defaultConfigurationName = Release;
		};
		4885C36B1F58337D00E622E2 /* Build configuration list for PBXNativeTarget "TouchIDCredentials" */ = {
			isa = XCConfigurationList;
			buildConfigurations = (
				4885C36C1F58337D00E622E2 /* Debug */,
				4885C36D1F58337D00E622E2 /* Release */,
			);
			defaultConfigurationIsVisible = 0;
			defaultConfigurationName = Release;
		};
		4885C36E1F58337D00E622E2 /* Build configuration list for PBXNativeTarget "TouchIDCredentialsTests" */ = {
			isa = XCConfigurationList;
			buildConfigurations = (
				4885C36F1F58337D00E622E2 /* Debug */,
				4885C3701F58337D00E622E2 /* Release */,
			);
			defaultConfigurationIsVisible = 0;
			defaultConfigurationName = Release;
		};
/* End XCConfigurationList section */
	};
	rootObject = 4885C3461F58337D00E622E2 /* Project object */;
}
